
Microsoft Visual Studio Solution File, Format Version 12.00
Project("{FAE04EC0-301F-11D3-BF4B-00C04F79EFBC}") = "HomeWork3", "HomeWork3\HomeWork3.csproj", "{1ABA92B8-C537-4CF9-A414-27F096BE61F0}"
EndProject
Global
	GlobalSection(SolutionConfigurationPlatforms) = preSolution
		Debug|Any CPU = Debug|Any CPU
		Release|Any CPU = Release|Any CPU
	EndGlobalSection
	GlobalSection(ProjectConfigurationPlatforms) = postSolution
		{1ABA92B8-C537-4CF9-A414-27F096BE61F0}.Debug|Any CPU.ActiveCfg = Debug|Any CPU
		{1ABA92B8-C537-4CF9-A414-27F096BE61F0}.Debug|Any CPU.Build.0 = Debug|Any CPU
		{1ABA92B8-C537-4CF9-A414-27F096BE61F0}.Release|Any CPU.ActiveCfg = Release|Any CPU
		{1ABA92B8-C537-4CF9-A414-27F096BE61F0}.Release|Any CPU.Build.0 = Release|Any CPU
	EndGlobalSection
EndGlobal
